{
  "lockfile_version": "1",
  "packages": {
    "docker": {
      "resolved": "github:NixOS/nixpkgs/8623c4c20aa4ca2f5fb81510d2944066c3fb0d96#docker",
      "source": "nixpkg"
    },
    "docker-compose": {
      "resolved": "github:NixOS/nixpkgs/8623c4c20aa4ca2f5fb81510d2944066c3fb0d96#docker-compose",
      "source": "nixpkg"
    },
    "git-imerge": {
      "resolved": "github:NixOS/nixpkgs/8623c4c20aa4ca2f5fb81510d2944066c3fb0d96#git-imerge",
      "source": "nixpkg"
    },
    "git-secrets": {
      "resolved": "github:NixOS/nixpkgs/8623c4c20aa4ca2f5fb81510d2944066c3fb0d96#git-secrets",
      "source": "nixpkg"
    },
    "github:NixOS/nixpkgs/8623c4c20aa4ca2f5fb81510d2944066c3fb0d96": {
      "last_modified": "1970-01-01T00:00:00Z",
      "resolved": "github:NixOS/nixpkgs/8623c4c20aa4ca2f5fb81510d2944066c3fb0d96"
    },
    "github:kunchenguid/treehouse": {
      "last_modified": "2026-09-18T11:58:21Z",
      "resolved": "github:kunchenguid/treehouse/99f4db2bbeececc1e6f136a88f79002e5a707174?lastModified=1789732701"
    },
    "jq": {
      "resolved": "github:NixOS/nixpkgs/8623c4c20aa4ca2f5fb81510d2944066c3fb0d96#jq",
      "source": "nixpkg"
    },
    "just": {
      "resolved": "github:NixOS/nixpkgs/8623c4c20aa4ca2f5fb81510d2944066c3fb0d96#just",
      "source": "nixpkg"
    },
    "python3": {
      "plugin_version": "0.0.5",
      "resolved": "github:NixOS/nixpkgs/8623c4c20aa4ca2f5fb81510d2944066c3fb0d96#python3",
      "source": "nixpkg"
    },
    "yamllint": {
      "resolved": "github:NixOS/nixpkgs/8623c4c20aa4ca2f5fb81510d2944066c3fb0d96#yamllint",
      "source": "nixpkg"
    }
  }
}
