{
  "lockfile_version": "1",
  "packages": {
    "ansible": {
      "resolved": "github:NixOS/nixpkgs/f9d8b65950353691ab56561e7c73d2e1063d810b#ansible",
      "source": "nixpkg"
    },
    "ansible-builder": {
      "resolved": "github:NixOS/nixpkgs/f9d8b65950353691ab56561e7c73d2e1063d810b#ansible-builder",
      "source": "nixpkg"
    },
    "ansible-cmdb": {
      "resolved": "github:NixOS/nixpkgs/f9d8b65950353691ab56561e7c73d2e1063d810b#ansible-cmdb",
      "source": "nixpkg"
    },
    "ansible-doctor": {
      "resolved": "github:NixOS/nixpkgs/f9d8b65950353691ab56561e7c73d2e1063d810b#ansible-doctor",
      "source": "nixpkg"
    },
    "ansible-lint": {
      "resolved": "github:NixOS/nixpkgs/f9d8b65950353691ab56561e7c73d2e1063d810b#ansible-lint",
      "source": "nixpkg"
    },
    "ansible-navigator": {
      "resolved": "github:NixOS/nixpkgs/f9d8b65950353691ab56561e7c73d2e1063d810b#ansible-navigator",
      "source": "nixpkg"
    },
    "argocd": {
      "resolved": "github:NixOS/nixpkgs/f9d8b65950353691ab56561e7c73d2e1063d810b#argocd",
      "source": "nixpkg"
    },
    "argocd-autopilot": {
      "resolved": "github:NixOS/nixpkgs/f9d8b65950353691ab56561e7c73d2e1063d810b#argocd-autopilot",
      "source": "nixpkg"
    },
    "argocd-vault-plugin": {
      "resolved": "github:NixOS/nixpkgs/f9d8b65950353691ab56561e7c73d2e1063d810b#argocd-vault-plugin",
      "source": "nixpkg"
    },
    "bootc": {
      "resolved": "github:NixOS/nixpkgs/f9d8b65950353691ab56561e7c73d2e1063d810b#bootc",
      "source": "nixpkg"
    },
    "chart-testing": {
      "resolved": "github:NixOS/nixpkgs/f9d8b65950353691ab56561e7c73d2e1063d810b#chart-testing",
      "source": "nixpkg"
    },
    "crd2pulumi": {
      "resolved": "github:NixOS/nixpkgs/f9d8b65950353691ab56561e7c73d2e1063d810b#crd2pulumi",
      "source": "nixpkg"
    },
    "datree": {
      "resolved": "github:NixOS/nixpkgs/f9d8b65950353691ab56561e7c73d2e1063d810b#datree",
      "source": "nixpkg"
    },
    "docker": {
      "resolved": "github:NixOS/nixpkgs/f9d8b65950353691ab56561e7c73d2e1063d810b#docker",
      "source": "nixpkg"
    },
    "eza": {
      "resolved": "github:NixOS/nixpkgs/f9d8b65950353691ab56561e7c73d2e1063d810b#eza",
      "source": "nixpkg"
    },
    "fetchit": {
      "resolved": "github:NixOS/nixpkgs/f9d8b65950353691ab56561e7c73d2e1063d810b#fetchit",
      "source": "nixpkg"
    },
    "fluxcd": {
      "resolved": "github:NixOS/nixpkgs/f9d8b65950353691ab56561e7c73d2e1063d810b#fluxcd",
      "source": "nixpkg"
    },
    "fluxcd-operator": {
      "resolved": "github:NixOS/nixpkgs/f9d8b65950353691ab56561e7c73d2e1063d810b#fluxcd-operator",
      "source": "nixpkg"
    },
    "git": {
      "resolved": "github:NixOS/nixpkgs/f9d8b65950353691ab56561e7c73d2e1063d810b#git",
      "source": "nixpkg"
    },
    "git-filter-repo": {
      "resolved": "github:NixOS/nixpkgs/f9d8b65950353691ab56561e7c73d2e1063d810b#git-filter-repo",
      "source": "nixpkg"
    },
    "github-to-sops": {
      "resolved": "github:NixOS/nixpkgs/f9d8b65950353691ab56561e7c73d2e1063d810b#github-to-sops",
      "source": "nixpkg"
    },
    "github:NixOS/nixpkgs/nixpkgs-unstable": {
      "last_modified": "2026-05-25T07:42:19Z",
      "resolved": "github:NixOS/nixpkgs/f9d8b65950353691ab56561e7c73d2e1063d810b?lastModified=1779694939"
    },
    "helm-dashboard": {
      "resolved": "github:NixOS/nixpkgs/f9d8b65950353691ab56561e7c73d2e1063d810b#helm-dashboard",
      "source": "nixpkg"
    },
    "helm-docs": {
      "resolved": "github:NixOS/nixpkgs/f9d8b65950353691ab56561e7c73d2e1063d810b#helm-docs",
      "source": "nixpkg"
    },
    "helm-ls": {
      "resolved": "github:NixOS/nixpkgs/f9d8b65950353691ab56561e7c73d2e1063d810b#helm-ls",
      "source": "nixpkg"
    },
    "helmfile": {
      "resolved": "github:NixOS/nixpkgs/f9d8b65950353691ab56561e7c73d2e1063d810b#helmfile",
      "source": "nixpkg"
    },
    "helmsman": {
      "resolved": "github:NixOS/nixpkgs/f9d8b65950353691ab56561e7c73d2e1063d810b#helmsman",
      "source": "nixpkg"
    },
    "jq": {
      "resolved": "github:NixOS/nixpkgs/f9d8b65950353691ab56561e7c73d2e1063d810b#jq",
      "source": "nixpkg"
    },
    "just": {
      "resolved": "github:NixOS/nixpkgs/f9d8b65950353691ab56561e7c73d2e1063d810b#just",
      "source": "nixpkg"
    },
    "k3d": {
      "resolved": "github:NixOS/nixpkgs/f9d8b65950353691ab56561e7c73d2e1063d810b#k3d",
      "source": "nixpkg"
    },
    "kind": {
      "resolved": "github:NixOS/nixpkgs/f9d8b65950353691ab56561e7c73d2e1063d810b#kind",
      "source": "nixpkg"
    },
    "kube-linter": {
      "resolved": "github:NixOS/nixpkgs/f9d8b65950353691ab56561e7c73d2e1063d810b#kube-linter",
      "source": "nixpkg"
    },
    "kubernetes-helm-wrapped": {
      "resolved": "github:NixOS/nixpkgs/f9d8b65950353691ab56561e7c73d2e1063d810b#kubernetes-helm-wrapped",
      "source": "nixpkg"
    },
    "kubernetes-helmPlugins.helm-cm-push": {
      "resolved": "github:NixOS/nixpkgs/f9d8b65950353691ab56561e7c73d2e1063d810b#kubernetes-helmPlugins.helm-cm-push",
      "source": "nixpkg"
    },
    "kubernetes-helmPlugins.helm-diff": {
      "resolved": "github:NixOS/nixpkgs/f9d8b65950353691ab56561e7c73d2e1063d810b#kubernetes-helmPlugins.helm-diff",
      "source": "nixpkg"
    },
    "kubernetes-helmPlugins.helm-dt": {
      "resolved": "github:NixOS/nixpkgs/f9d8b65950353691ab56561e7c73d2e1063d810b#kubernetes-helmPlugins.helm-dt",
      "source": "nixpkg"
    },
    "kubernetes-helmPlugins.helm-git": {
      "resolved": "github:NixOS/nixpkgs/f9d8b65950353691ab56561e7c73d2e1063d810b#kubernetes-helmPlugins.helm-git",
      "source": "nixpkg"
    },
    "kubernetes-helmPlugins.helm-schema": {
      "resolved": "github:NixOS/nixpkgs/f9d8b65950353691ab56561e7c73d2e1063d810b#kubernetes-helmPlugins.helm-schema",
      "source": "nixpkg"
    },
    "kubernetes-helmPlugins.helm-secrets": {
      "resolved": "github:NixOS/nixpkgs/f9d8b65950353691ab56561e7c73d2e1063d810b#kubernetes-helmPlugins.helm-secrets",
      "source": "nixpkg"
    },
    "kubernetes-helmPlugins.helm-unittest": {
      "resolved": "github:NixOS/nixpkgs/f9d8b65950353691ab56561e7c73d2e1063d810b#kubernetes-helmPlugins.helm-unittest",
      "source": "nixpkg"
    },
    "kubescape": {
      "resolved": "github:NixOS/nixpkgs/f9d8b65950353691ab56561e7c73d2e1063d810b#kubescape",
      "source": "nixpkg"
    },
    "lazyjournal": {
      "resolved": "github:NixOS/nixpkgs/f9d8b65950353691ab56561e7c73d2e1063d810b#lazyjournal",
      "source": "nixpkg"
    },
    "molecule": {
      "resolved": "github:NixOS/nixpkgs/f9d8b65950353691ab56561e7c73d2e1063d810b#molecule",
      "source": "nixpkg"
    },
    "nodejs": {
      "plugin_version": "0.0.2",
      "resolved": "github:NixOS/nixpkgs/f9d8b65950353691ab56561e7c73d2e1063d810b#nodejs",
      "source": "nixpkg"
    },
    "nova": {
      "resolved": "github:NixOS/nixpkgs/f9d8b65950353691ab56561e7c73d2e1063d810b#nova",
      "source": "nixpkg"
    },
    "nx": {
      "resolved": "github:NixOS/nixpkgs/f9d8b65950353691ab56561e7c73d2e1063d810b#nx",
      "source": "nixpkg"
    },
    "packer": {
      "resolved": "github:NixOS/nixpkgs/f9d8b65950353691ab56561e7c73d2e1063d810b#packer",
      "source": "nixpkg"
    },
    "pnpm": {
      "resolved": "github:NixOS/nixpkgs/f9d8b65950353691ab56561e7c73d2e1063d810b#pnpm",
      "source": "nixpkg"
    },
    "podlet": {
      "resolved": "github:NixOS/nixpkgs/f9d8b65950353691ab56561e7c73d2e1063d810b#podlet",
      "source": "nixpkg"
    },
    "podman": {
      "resolved": "github:NixOS/nixpkgs/f9d8b65950353691ab56561e7c73d2e1063d810b#podman",
      "source": "nixpkg"
    },
    "podman-bootc": {
      "resolved": "github:NixOS/nixpkgs/f9d8b65950353691ab56561e7c73d2e1063d810b#podman-bootc",
      "source": "nixpkg"
    },
    "podman-compose": {
      "resolved": "github:NixOS/nixpkgs/f9d8b65950353691ab56561e7c73d2e1063d810b#podman-compose",
      "source": "nixpkg"
    },
    "podman-desktop": {
      "resolved": "github:NixOS/nixpkgs/f9d8b65950353691ab56561e7c73d2e1063d810b#podman-desktop",
      "source": "nixpkg"
    },
    "podman-tui": {
      "resolved": "github:NixOS/nixpkgs/f9d8b65950353691ab56561e7c73d2e1063d810b#podman-tui",
      "source": "nixpkg"
    },
    "pre-commit-hook-ensure-sops": {
      "resolved": "github:NixOS/nixpkgs/f9d8b65950353691ab56561e7c73d2e1063d810b#pre-commit-hook-ensure-sops",
      "source": "nixpkg"
    },
    "pulumi": {
      "resolved": "github:NixOS/nixpkgs/f9d8b65950353691ab56561e7c73d2e1063d810b#pulumi",
      "source": "nixpkg"
    },
    "pulumictl": {
      "resolved": "github:NixOS/nixpkgs/f9d8b65950353691ab56561e7c73d2e1063d810b#pulumictl",
      "source": "nixpkg"
    },
    "ripgrep": {
      "resolved": "github:NixOS/nixpkgs/f9d8b65950353691ab56561e7c73d2e1063d810b#ripgrep",
      "source": "nixpkg"
    },
    "rolespec": {
      "resolved": "github:NixOS/nixpkgs/f9d8b65950353691ab56561e7c73d2e1063d810b#rolespec",
      "source": "nixpkg"
    },
    "serverspec": {
      "resolved": "github:NixOS/nixpkgs/f9d8b65950353691ab56561e7c73d2e1063d810b#serverspec",
      "source": "nixpkg"
    },
    "terraform-inventory": {
      "resolved": "github:NixOS/nixpkgs/f9d8b65950353691ab56561e7c73d2e1063d810b#terraform-inventory",
      "source": "nixpkg"
    },
    "unblob": {
      "resolved": "github:NixOS/nixpkgs/f9d8b65950353691ab56561e7c73d2e1063d810b#unblob",
      "source": "nixpkg"
    },
    "vals": {
      "resolved": "github:NixOS/nixpkgs/f9d8b65950353691ab56561e7c73d2e1063d810b#vals",
      "source": "nixpkg"
    },
    "vimPlugins.ansible-vim": {
      "resolved": "github:NixOS/nixpkgs/f9d8b65950353691ab56561e7c73d2e1063d810b#vimPlugins.ansible-vim",
      "source": "nixpkg"
    },
    "vimPlugins.packer-nvim": {
      "resolved": "github:NixOS/nixpkgs/f9d8b65950353691ab56561e7c73d2e1063d810b#vimPlugins.packer-nvim",
      "source": "nixpkg"
    },
    "vscode-extensions.redhat.ansible": {
      "resolved": "github:NixOS/nixpkgs/f9d8b65950353691ab56561e7c73d2e1063d810b#vscode-extensions.redhat.ansible",
      "source": "nixpkg"
    },
    "vscode-extensions.tim-koehler.helm-intellisense": {
      "resolved": "github:NixOS/nixpkgs/f9d8b65950353691ab56561e7c73d2e1063d810b#vscode-extensions.tim-koehler.helm-intellisense",
      "source": "nixpkg"
    },
    "yq-go": {
      "resolved": "github:NixOS/nixpkgs/f9d8b65950353691ab56561e7c73d2e1063d810b#yq-go",
      "source": "nixpkg"
    }
  }
}
