{
  "lockfile_version": "1",
  "packages": {
    "github:NixOS/nixpkgs/nixpkgs-unstable": {
      "last_modified": "2026-02-06T12:24:04Z",
      "resolved": "github:NixOS/nixpkgs/ae67888ff7ef9dff69b3cf0cc0fbfbcd3a722abe?lastModified=1770380644&narHash=sha256-P7dWMHRUWG5m4G%2B06jDyThXO7kwSk46C1kgjEWcybkE%3D"
    },
    "jq": {
      "resolved": "github:NixOS/nixpkgs/ae67888ff7ef9dff69b3cf0cc0fbfbcd3a722abe?narHash=sha256-P7dWMHRUWG5m4G%2B06jDyThXO7kwSk46C1kgjEWcybkE%3D#jq",
      "source": "nixpkg"
    },
    "just": {
      "resolved": "github:NixOS/nixpkgs/ae67888ff7ef9dff69b3cf0cc0fbfbcd3a722abe?narHash=sha256-P7dWMHRUWG5m4G%2B06jDyThXO7kwSk46C1kgjEWcybkE%3D#just",
      "source": "nixpkg"
    },
    "yq-go": {
      "resolved": "github:NixOS/nixpkgs/ae67888ff7ef9dff69b3cf0cc0fbfbcd3a722abe?narHash=sha256-P7dWMHRUWG5m4G%2B06jDyThXO7kwSk46C1kgjEWcybkE%3D#yq-go",
      "source": "nixpkg"
    }
  }
}
