{
  "nodes": {
    "nixpkgs": {
      "locked": {
        "lastModified": 1783816212,
        "narHash": "sha256-2aZisVTVGSFEk3MYcOiWQp3zvwyzbqpktB69Rcfp150=",
        "owner": "NixOS",
        "repo": "nixpkgs",
        "rev": "3b32825de172d0bc85664f495edb096b10862524",
        "type": "github"
      },
      "original": {
        "owner": "NixOS",
        "ref": "nixpkgs-unstable",
        "repo": "nixpkgs",
        "type": "github"
      }
    },
    "nixpkgs-26_05-darwin": {
      "locked": {
        "lastModified": 1783788001,
        "narHash": "sha256-ldd//kQFtHfGWLQd6deNXB6GnN6uLmwjPG6GGx/2vTA=",
        "owner": "NixOS",
        "repo": "nixpkgs",
        "rev": "572a2c2b6faebd71246e3162e4217d7ca63a9300",
        "type": "github"
      },
      "original": {
        "owner": "NixOS",
        "ref": "nixpkgs-26.05-darwin",
        "repo": "nixpkgs",
        "type": "github"
      }
    },
    "root": {
      "inputs": {
        "nixpkgs": "nixpkgs",
        "nixpkgs-26_05-darwin": "nixpkgs-26_05-darwin"
      }
    }
  },
  "root": "root",
  "version": 7
}
